# This file is automatically @generated by Cargo.
# It is not intended for manual editing.
version = 3

[[package]]
name = "day15"
version = "0.1.0"
dependencies = [
 "iter",
]

[[package]]
name = "iter"
version = "0.0.0"
source = "registry+https://github.com/rust-lang/crates.io-index"
checksum = "d4230b3f1fc0b93eb4c7645a04c30f82b571faf4ddb8b0069a75bccfef0c26e8"
